<?xml version="1.0" encoding="utf-8"?>
<Project ToolsVersion="4.0" xmlns="http://schemas.microsoft.com/developer/msbuild/2003">
  <ItemGroup>
    <Filter Include="Source Files">
      <UniqueIdentifier>{4FC737F1-C7A5-4376-A066-2A32D752A2FF}</UniqueIdentifier>
      <Extensions>cpp;c;cc;cxx;def;odl;idl;hpj;bat;asm;asmx</Extensions>
    </Filter>
    <Filter Include="Header Files">
      <UniqueIdentifier>{93995380-89BD-4b04-88EB-625FBE52EBFB}</UniqueIdentifier>
      <Extensions>h;hh;hpp;hxx;hm;inl;inc;ipp;xsd</Extensions>
    </Filter>
    <Filter Include="Resource Files">
      <UniqueIdentifier>{67DA6AB6-F800-4c08-8B7A-83BB121AAD01}</UniqueIdentifier>
      <Extensions>rc;ico;cur;bmp;dlg;rc2;rct;bin;rgs;gif;jpg;jpeg;jpe;resx;tiff;tif;png;wav;mfcribbon-ms</Extensions>
    </Filter>
    <Filter Include="Header Files\eden">
      <UniqueIdentifier>{668e8753-a7a2-4551-b73f-dc141f4e7830}</UniqueIdentifier>
    </Filter>
    <Filter Include="Header Files\eden_impl">
      <UniqueIdentifier>{aeb6159e-0345-440d-8935-cd355bd97b15}</UniqueIdentifier>
    </Filter>
    <Filter Include="Source Files\eden">
      <UniqueIdentifier>{0d3d2ce2-9578-4c53-b08d-817a90265eb1}</UniqueIdentifier>
    </Filter>
    <Filter Include="Source Files\eden_impl">
      <UniqueIdentifier>{c2571bf5-71b2-4ad2-bd67-9d4627e2d577}</UniqueIdentifier>
    </Filter>
    <Filter Include="Header Files\synth">
      <UniqueIdentifier>{429e286b-2a92-4c84-b659-ebb8524d9436}</UniqueIdentifier>
    </Filter>
    <Filter Include="Source Files\synth">
      <UniqueIdentifier>{bb8cc5e7-805b-4a29-b0c3-f57468f0a7d0}</UniqueIdentifier>
    </Filter>
  </ItemGroup>
  <ItemGroup>
    <ClInclude Include="include\eden\AudioBuffer.h">
      <Filter>Header Files\eden</Filter>
    </ClInclude>
    <ClInclude Include="include\eden\EdenSynthesiser.h">
      <Filter>Header Files\eden</Filter>
    </ClInclude>
    <ClInclude Include="include\eden\MidiBuffer.h">
      <Filter>Header Files\eden</Filter>
    </ClInclude>
    <ClInclude Include="include\eden\MidiMessage.h">
      <Filter>Header Files\eden</Filter>
    </ClInclude>
    <ClInclude Include="include\eden_impl\EdenSynthesiserImpl.h">
      <Filter>Header Files\eden_impl</Filter>
    </ClInclude>
    <ClInclude Include="include\synth\Synthesiser.h">
      <Filter>Header Files\synth</Filter>
    </ClInclude>
    <ClInclude Include="include\synth\Voice.h">
      <Filter>Header Files\synth</Filter>
    </ClInclude>
  </ItemGroup>
  <ItemGroup>
    <ClCompile Include="source\eden_impl\EdenSynthesiserImpl.cpp">
      <Filter>Source Files\eden_impl</Filter>
    </ClCompile>
    <ClCompile Include="source\eden\EdenSynthesiser.cpp">
      <Filter>Source Files\eden</Filter>
    </ClCompile>
    <ClCompile Include="source\eden\AudioBuffer.cpp">
      <Filter>Source Files\eden</Filter>
    </ClCompile>
    <ClCompile Include="source\synth\Synthesiser.cpp">
      <Filter>Source Files\synth</Filter>
    </ClCompile>
    <ClCompile Include="source\eden\MidiBuffer.cpp">
      <Filter>Source Files\eden</Filter>
    </ClCompile>
    <ClCompile Include="source\eden\MidiMessage.cpp">
      <Filter>Source Files\eden</Filter>
    </ClCompile>
    <ClCompile Include="source\synth\Voice.cpp">
      <Filter>Source Files\synth</Filter>
    </ClCompile>
  </ItemGroup>
</Project>