<?xml version="1.0" encoding="utf-8"?>
<Project ToolsVersion="4.0" xmlns="http://schemas.microsoft.com/developer/msbuild/2003">
  <ItemGroup>
    <Filter Include="Source Files">
      <UniqueIdentifier>{4FC737F1-C7A5-4376-A066-2A32D752A2FF}</UniqueIdentifier>
      <Extensions>cpp;c;cc;cxx;def;odl;idl;hpj;bat;asm;asmx</Extensions>
    </Filter>
    <Filter Include="Header Files">
      <UniqueIdentifier>{93995380-89BD-4b04-88EB-625FBE52EBFB}</UniqueIdentifier>
      <Extensions>h;hh;hpp;hxx;hm;inl;inc;ipp;xsd</Extensions>
    </Filter>
    <Filter Include="Resource Files">
      <UniqueIdentifier>{67DA6AB6-F800-4c08-8B7A-83BB121AAD01}</UniqueIdentifier>
      <Extensions>rc;ico;cur;bmp;dlg;rc2;rct;bin;rgs;gif;jpg;jpeg;jpe;resx;tiff;tif;png;wav;mfcribbon-ms</Extensions>
    </Filter>
    <Filter Include="Header Files\eden">
      <UniqueIdentifier>{668e8753-a7a2-4551-b73f-dc141f4e7830}</UniqueIdentifier>
    </Filter>
    <Filter Include="Header Files\eden_impl">
      <UniqueIdentifier>{aeb6159e-0345-440d-8935-cd355bd97b15}</UniqueIdentifier>
    </Filter>
    <Filter Include="Source Files\eden">
      <UniqueIdentifier>{0d3d2ce2-9578-4c53-b08d-817a90265eb1}</UniqueIdentifier>
    </Filter>
    <Filter Include="Source Files\eden_impl">
      <UniqueIdentifier>{c2571bf5-71b2-4ad2-bd67-9d4627e2d577}</UniqueIdentifier>
    </Filter>
    <Filter Include="Header Files\synth">
      <UniqueIdentifier>{429e286b-2a92-4c84-b659-ebb8524d9436}</UniqueIdentifier>
    </Filter>
    <Filter Include="Source Files\synth">
      <UniqueIdentifier>{bb8cc5e7-805b-4a29-b0c3-f57468f0a7d0}</UniqueIdentifier>
    </Filter>
    <Filter Include="Header Files\utility">
      <UniqueIdentifier>{0df9fb59-6100-4c96-9c3b-7d94a23b0357}</UniqueIdentifier>
    </Filter>
    <Filter Include="Header Files\synth\waveshaping">
      <UniqueIdentifier>{f4a71b0d-aae6-4168-8646-da9408dc46b7}</UniqueIdentifier>
    </Filter>
    <Filter Include="Header Files\synth\subtractive">
      <UniqueIdentifier>{5d38e1d0-5981-4f10-8094-4a510d28d52d}</UniqueIdentifier>
    </Filter>
    <Filter Include="Header Files\synth\wavetable">
      <UniqueIdentifier>{01e8e6c2-bc3c-4041-bde4-b7f0e145e01c}</UniqueIdentifier>
    </Filter>
    <Filter Include="Header Files\synth\envelope">
      <UniqueIdentifier>{bb9673a0-3989-4063-be1f-81d05d9e5ce0}</UniqueIdentifier>
    </Filter>
    <Filter Include="Source Files\synth\envelope">
      <UniqueIdentifier>{57dcccc3-9044-4d1f-b010-beaeb7acea63}</UniqueIdentifier>
    </Filter>
    <Filter Include="Source Files\synth\wavetable">
      <UniqueIdentifier>{04763cc2-925a-47a0-baa6-88acb1072d08}</UniqueIdentifier>
    </Filter>
    <Filter Include="Source Files\synth\subtractive">
      <UniqueIdentifier>{7cd7abc1-bfd2-4088-bdd1-65d8b7164ee0}</UniqueIdentifier>
    </Filter>
    <Filter Include="Source Files\synth\waveshaping">
      <UniqueIdentifier>{bc528c21-2cd0-4513-a108-e97a0b35eb01}</UniqueIdentifier>
    </Filter>
    <Filter Include="Header Files\interpolation">
      <UniqueIdentifier>{2091e982-8b78-4da2-aa29-8cc3e51c32f4}</UniqueIdentifier>
    </Filter>
    <Filter Include="Source Files\utility">
      <UniqueIdentifier>{2a254dd2-43a9-4b6f-9b15-2e55574a496e}</UniqueIdentifier>
    </Filter>
    <Filter Include="Source Files\interpolation">
      <UniqueIdentifier>{a30fea81-2eb8-4d0d-bf8d-cbf60ad04689}</UniqueIdentifier>
    </Filter>
    <Filter Include="Header Files\settings">
      <UniqueIdentifier>{a69ce1b5-340a-4160-9b8a-ed987e839200}</UniqueIdentifier>
    </Filter>
    <Filter Include="Source Files\settings">
      <UniqueIdentifier>{cb3afa4a-2f68-481e-b209-27ae74cd886f}</UniqueIdentifier>
    </Filter>
    <Filter Include="Header Files\synth\wavetable\va_sources">
      <UniqueIdentifier>{0eee246e-ee1a-4e36-90f6-baf7f9a92aac}</UniqueIdentifier>
    </Filter>
    <Filter Include="Source Files\synth\wavetable\va_sources">
      <UniqueIdentifier>{9934ac8b-9b2e-4bcd-9e66-c7ff5a47d92b}</UniqueIdentifier>
    </Filter>
    <Filter Include="Header Files\utility\threading">
      <UniqueIdentifier>{e7897270-ca52-40e8-9f94-8fde2d6c0393}</UniqueIdentifier>
    </Filter>
    <Filter Include="Source Files\utility\threading">
      <UniqueIdentifier>{97c3c7b9-5403-4db6-8097-36184b020f9f}</UniqueIdentifier>
    </Filter>
  </ItemGroup>
  <ItemGroup>
    <ClInclude Include="include\eden\AudioBuffer.h">
      <Filter>Header Files\eden</Filter>
    </ClInclude>
    <ClInclude Include="include\eden\EdenSynthesiser.h">
      <Filter>Header Files\eden</Filter>
    </ClInclude>
    <ClInclude Include="include\eden\MidiBuffer.h">
      <Filter>Header Files\eden</Filter>
    </ClInclude>
    <ClInclude Include="include\eden\MidiMessage.h">
      <Filter>Header Files\eden</Filter>
    </ClInclude>
    <ClInclude Include="include\eden_impl\EdenSynthesiserImpl.h">
      <Filter>Header Files\eden_impl</Filter>
    </ClInclude>
    <ClInclude Include="include\synth\Synthesiser.h">
      <Filter>Header Files\synth</Filter>
    </ClInclude>
    <ClInclude Include="include\synth\Voice.h">
      <Filter>Header Files\synth</Filter>
    </ClInclude>
    <ClInclude Include="include\utility\MathConstants.h">
      <Filter>Header Files\utility</Filter>
    </ClInclude>
    <ClInclude Include="include\utility\EdenAssert.h">
      <Filter>Header Files\utility</Filter>
    </ClInclude>
    <ClInclude Include="include\synth\subtractive\SubtractiveModule.h">
      <Filter>Header Files\synth\subtractive</Filter>
    </ClInclude>
    <ClInclude Include="include\synth\waveshaping\WaveshapingModule.h">
      <Filter>Header Files\synth\waveshaping</Filter>
    </ClInclude>
    <ClInclude Include="include\synth\wavetable\SignalGenerator.h">
      <Filter>Header Files\synth\wavetable</Filter>
    </ClInclude>
    <ClInclude Include="include\synth\envelope\EnvelopeSegment.h">
      <Filter>Header Files\synth\envelope</Filter>
    </ClInclude>
    <ClInclude Include="include\synth\envelope\Envelope.h">
      <Filter>Header Files\synth\envelope</Filter>
    </ClInclude>
    <ClInclude Include="include\synth\envelope\ADBDR.h">
      <Filter>Header Files\synth\envelope</Filter>
    </ClInclude>
    <ClInclude Include="include\synth\envelope\Attack.h">
      <Filter>Header Files\synth\envelope</Filter>
    </ClInclude>
    <ClInclude Include="include\synth\envelope\Decay.h">
      <Filter>Header Files\synth\envelope</Filter>
    </ClInclude>
    <ClInclude Include="include\synth\envelope\Sustain.h">
      <Filter>Header Files\synth\envelope</Filter>
    </ClInclude>
    <ClInclude Include="include\synth\envelope\LinearGain.h">
      <Filter>Header Files\synth\envelope</Filter>
    </ClInclude>
    <ClInclude Include="include\synth\envelope\NoGain.h">
      <Filter>Header Files\synth\envelope</Filter>
    </ClInclude>
    <ClInclude Include="include\synth\envelope\ExponentialGain.h">
      <Filter>Header Files\synth\envelope</Filter>
    </ClInclude>
    <ClInclude Include="include\utility\TimeSampleConverter.h">
      <Filter>Header Files\utility</Filter>
    </ClInclude>
    <ClInclude Include="include\synth\wavetable\WaveTable.h">
      <Filter>Header Files\synth\wavetable</Filter>
    </ClInclude>
    <ClInclude Include="include\synth\IMonoModule.h">
      <Filter>Header Files\synth</Filter>
    </ClInclude>
    <ClInclude Include="include\interpolation\IInterpolator.h">
      <Filter>Header Files\interpolation</Filter>
    </ClInclude>
    <ClInclude Include="include\interpolation\LinearInterpolator.h">
      <Filter>Header Files\interpolation</Filter>
    </ClInclude>
    <ClInclude Include="include\synth\wavetable\SineWaveTable.h">
      <Filter>Header Files\synth\wavetable</Filter>
    </ClInclude>
    <ClInclude Include="include\utility\WaveFileReader.h">
      <Filter>Header Files\utility</Filter>
    </ClInclude>
    <ClInclude Include="include\eden\EnvelopeParameters.h">
      <Filter>Header Files\eden</Filter>
    </ClInclude>
    <ClInclude Include="include\synth\envelope\EnvelopeFactory.h">
      <Filter>Header Files\synth\envelope</Filter>
    </ClInclude>
    <ClInclude Include="include\synth\envelope\SegmentGainFactory.h">
      <Filter>Header Files\synth\envelope</Filter>
    </ClInclude>
    <ClInclude Include="include\synth\envelope\ISegmentGain.h">
      <Filter>Header Files\synth\envelope</Filter>
    </ClInclude>
    <ClInclude Include="include\settings\Settings.h">
      <Filter>Header Files\settings</Filter>
    </ClInclude>
    <ClInclude Include="include\settings\GeneratorSettings.h">
      <Filter>Header Files\settings</Filter>
    </ClInclude>
    <ClInclude Include="include\settings\SubtractiveModuleSettings.h">
      <Filter>Header Files\settings</Filter>
    </ClInclude>
    <ClInclude Include="include\settings\WaveshapingModuleSettings.h">
      <Filter>Header Files\settings</Filter>
    </ClInclude>
    <ClInclude Include="include\settings\EnvelopeSettings.h">
      <Filter>Header Files\settings</Filter>
    </ClInclude>
    <ClInclude Include="include\eden\Oscillator.h">
      <Filter>Header Files\eden</Filter>
    </ClInclude>
    <ClInclude Include="include\eden_impl\OscillatorImpl.h">
      <Filter>Header Files\eden_impl</Filter>
    </ClInclude>
    <ClInclude Include="include\eden\OscillatorSource.h">
      <Filter>Header Files\eden</Filter>
    </ClInclude>
    <ClInclude Include="include\eden\OscillatorParameters.h">
      <Filter>Header Files\eden</Filter>
    </ClInclude>
    <ClInclude Include="include\synth\wavetable\SynthOscillator.h">
      <Filter>Header Files\synth\wavetable</Filter>
    </ClInclude>
    <ClInclude Include="include\synth\wavetable\IOscillatorSource.h">
      <Filter>Header Files\synth\wavetable</Filter>
    </ClInclude>
    <ClInclude Include="include\synth\wavetable\Waveform.h">
      <Filter>Header Files\synth\wavetable</Filter>
    </ClInclude>
    <ClInclude Include="include\synth\wavetable\WaveTableSource.h">
      <Filter>Header Files\synth\wavetable</Filter>
    </ClInclude>
    <ClInclude Include="include\eden_impl\OscillatorSourceImpl.h">
      <Filter>Header Files\eden_impl</Filter>
    </ClInclude>
    <ClInclude Include="include\settings\Tuner.h">
      <Filter>Header Files\settings</Filter>
    </ClInclude>
    <ClInclude Include="include\synth\subtractive\OnePoleLowPassFilter.h">
      <Filter>Header Files\synth\subtractive</Filter>
    </ClInclude>
    <ClInclude Include="include\synth\subtractive\MoogFilter.h">
      <Filter>Header Files\synth\subtractive</Filter>
    </ClInclude>
    <ClInclude Include="include\eden\FilterParameters.h">
      <Filter>Header Files\eden</Filter>
    </ClInclude>
    <ClInclude Include="include\synth\envelope\EnvelopeGenerator.h">
      <Filter>Header Files\synth\envelope</Filter>
    </ClInclude>
    <ClInclude Include="include\synth\envelope\ADSR.h">
      <Filter>Header Files\synth\envelope</Filter>
    </ClInclude>
    <ClInclude Include="include\synth\envelope\IEnvelopeHolder.h">
      <Filter>Header Files\synth\envelope</Filter>
    </ClInclude>
    <ClInclude Include="include\synth\waveshaping\Waveshaper.h">
      <Filter>Header Files\synth\waveshaping</Filter>
    </ClInclude>
    <ClInclude Include="include\eden_impl\WaveshapingFunctionGeneratorImpl.h">
      <Filter>Header Files\eden_impl</Filter>
    </ClInclude>
    <ClInclude Include="include\eden\WaveshapingFunctionGenerator.h">
      <Filter>Header Files\eden</Filter>
    </ClInclude>
    <ClInclude Include="include\synth\wavetable\va_sources\SawtoothVASource.h">
      <Filter>Header Files\synth\wavetable\va_sources</Filter>
    </ClInclude>
    <ClInclude Include="include\synth\wavetable\va_sources\PulseVASource.h">
      <Filter>Header Files\synth\wavetable\va_sources</Filter>
    </ClInclude>
    <ClInclude Include="include\synth\wavetable\va_sources\TriangleVASource.h">
      <Filter>Header Files\synth\wavetable\va_sources</Filter>
    </ClInclude>
    <ClInclude Include="include\synth\wavetable\va_sources\SineVASource.h">
      <Filter>Header Files\synth\wavetable\va_sources</Filter>
    </ClInclude>
    <ClInclude Include="include\utility\threading\ThreadPool.h">
      <Filter>Header Files\utility\threading</Filter>
    </ClInclude>
    <ClInclude Include="include\utility\threading\JoinThreads.h">
      <Filter>Header Files\utility\threading</Filter>
    </ClInclude>
    <ClInclude Include="include\utility\threading\ThreadSafeQueue.h">
      <Filter>Header Files\utility\threading</Filter>
    </ClInclude>
  </ItemGroup>
  <ItemGroup>
    <ClCompile Include="source\eden_impl\EdenSynthesiserImpl.cpp">
      <Filter>Source Files\eden_impl</Filter>
    </ClCompile>
    <ClCompile Include="source\eden\EdenSynthesiser.cpp">
      <Filter>Source Files\eden</Filter>
    </ClCompile>
    <ClCompile Include="source\eden\AudioBuffer.cpp">
      <Filter>Source Files\eden</Filter>
    </ClCompile>
    <ClCompile Include="source\synth\Synthesiser.cpp">
      <Filter>Source Files\synth</Filter>
    </ClCompile>
    <ClCompile Include="source\eden\MidiBuffer.cpp">
      <Filter>Source Files\eden</Filter>
    </ClCompile>
    <ClCompile Include="source\eden\MidiMessage.cpp">
      <Filter>Source Files\eden</Filter>
    </ClCompile>
    <ClCompile Include="source\synth\Voice.cpp">
      <Filter>Source Files\synth</Filter>
    </ClCompile>
    <ClCompile Include="source\synth\subtractive\SubtractiveModule.cpp">
      <Filter>Source Files\synth\subtractive</Filter>
    </ClCompile>
    <ClCompile Include="source\synth\waveshaping\WaveshapingModule.cpp">
      <Filter>Source Files\synth\waveshaping</Filter>
    </ClCompile>
    <ClCompile Include="source\synth\wavetable\SignalGenerator.cpp">
      <Filter>Source Files\synth\wavetable</Filter>
    </ClCompile>
    <ClCompile Include="source\synth\envelope\EnvelopeSegment.cpp">
      <Filter>Source Files\synth\envelope</Filter>
    </ClCompile>
    <ClCompile Include="source\synth\envelope\Envelope.cpp">
      <Filter>Source Files\synth\envelope</Filter>
    </ClCompile>
    <ClCompile Include="source\synth\envelope\ADBDR.cpp">
      <Filter>Source Files\synth\envelope</Filter>
    </ClCompile>
    <ClCompile Include="source\synth\envelope\Attack.cpp">
      <Filter>Source Files\synth\envelope</Filter>
    </ClCompile>
    <ClCompile Include="source\synth\envelope\Decay.cpp">
      <Filter>Source Files\synth\envelope</Filter>
    </ClCompile>
    <ClCompile Include="source\synth\envelope\Sustain.cpp">
      <Filter>Source Files\synth\envelope</Filter>
    </ClCompile>
    <ClCompile Include="source\synth\envelope\LinearGain.cpp">
      <Filter>Source Files\synth\envelope</Filter>
    </ClCompile>
    <ClCompile Include="source\synth\envelope\NoGain.cpp">
      <Filter>Source Files\synth\envelope</Filter>
    </ClCompile>
    <ClCompile Include="source\synth\envelope\ExponentialGain.cpp">
      <Filter>Source Files\synth\envelope</Filter>
    </ClCompile>
    <ClCompile Include="source\utility\TimeSampleConverter.cpp">
      <Filter>Source Files\utility</Filter>
    </ClCompile>
    <ClCompile Include="source\interpolation\LinearInterpolator.cpp">
      <Filter>Source Files\interpolation</Filter>
    </ClCompile>
    <ClCompile Include="source\utility\WaveFileReader.cpp">
      <Filter>Source Files\utility</Filter>
    </ClCompile>
    <ClCompile Include="source\synth\envelope\EnvelopeFactory.cpp">
      <Filter>Source Files\synth\envelope</Filter>
    </ClCompile>
    <ClCompile Include="source\synth\envelope\SegmentGainFactory.cpp">
      <Filter>Source Files\synth\envelope</Filter>
    </ClCompile>
    <ClCompile Include="source\settings\Settings.cpp">
      <Filter>Source Files\settings</Filter>
    </ClCompile>
    <ClCompile Include="source\settings\GeneratorSettings.cpp">
      <Filter>Source Files\settings</Filter>
    </ClCompile>
    <ClCompile Include="source\settings\SubtractiveModuleSettings.cpp">
      <Filter>Source Files\settings</Filter>
    </ClCompile>
    <ClCompile Include="source\settings\WaveshapingModuleSettings.cpp">
      <Filter>Source Files\settings</Filter>
    </ClCompile>
    <ClCompile Include="source\settings\EnvelopeSettings.cpp">
      <Filter>Source Files\settings</Filter>
    </ClCompile>
    <ClCompile Include="source\synth\wavetable\SynthOscillator.cpp">
      <Filter>Source Files\synth\wavetable</Filter>
    </ClCompile>
    <ClCompile Include="source\synth\wavetable\Waveform.cpp">
      <Filter>Source Files\synth\wavetable</Filter>
    </ClCompile>
    <ClCompile Include="source\synth\wavetable\WaveTableSource.cpp">
      <Filter>Source Files\synth\wavetable</Filter>
    </ClCompile>
    <ClCompile Include="source\eden_impl\OscillatorImpl.cpp">
      <Filter>Source Files\eden_impl</Filter>
    </ClCompile>
    <ClCompile Include="source\eden\Oscillator.cpp">
      <Filter>Source Files\eden</Filter>
    </ClCompile>
    <ClCompile Include="source\eden\OscillatorSource.cpp">
      <Filter>Source Files\eden</Filter>
    </ClCompile>
    <ClCompile Include="source\eden_impl\OscillatorSourceImpl.cpp">
      <Filter>Source Files\eden_impl</Filter>
    </ClCompile>
    <ClCompile Include="source\settings\Tuner.cpp">
      <Filter>Source Files\settings</Filter>
    </ClCompile>
    <ClCompile Include="source\synth\subtractive\OnePoleLowPassFilter.cpp">
      <Filter>Source Files\synth\subtractive</Filter>
    </ClCompile>
    <ClCompile Include="source\synth\subtractive\MoogFilter.cpp">
      <Filter>Source Files\synth\subtractive</Filter>
    </ClCompile>
    <ClCompile Include="source\synth\envelope\EnvelopeGenerator.cpp">
      <Filter>Source Files\synth\envelope</Filter>
    </ClCompile>
    <ClCompile Include="source\synth\envelope\ADSR.cpp">
      <Filter>Source Files\synth\envelope</Filter>
    </ClCompile>
    <ClCompile Include="source\synth\waveshaping\Waveshaper.cpp">
      <Filter>Source Files\synth\waveshaping</Filter>
    </ClCompile>
    <ClCompile Include="source\eden\WaveshapingFunctionGenerator.cpp">
      <Filter>Source Files\eden</Filter>
    </ClCompile>
    <ClCompile Include="source\eden_impl\WaveshapingFunctionGeneratorImpl.cpp">
      <Filter>Source Files\eden_impl</Filter>
    </ClCompile>
    <ClCompile Include="source\synth\wavetable\va_sources\SawtoothVASource.cpp">
      <Filter>Source Files\synth\wavetable\va_sources</Filter>
    </ClCompile>
    <ClCompile Include="source\synth\wavetable\va_sources\PulseVASource.cpp">
      <Filter>Source Files\synth\wavetable\va_sources</Filter>
    </ClCompile>
    <ClCompile Include="source\synth\wavetable\va_sources\SineVASource.cpp">
      <Filter>Source Files\synth\wavetable\va_sources</Filter>
    </ClCompile>
    <ClCompile Include="source\synth\wavetable\va_sources\TriangleVASource.cpp">
      <Filter>Source Files\synth\wavetable\va_sources</Filter>
    </ClCompile>
    <ClCompile Include="source\utility\threading\ThreadPool.cpp">
      <Filter>Source Files\utility\threading</Filter>
    </ClCompile>
    <ClCompile Include="source\utility\threading\JoinThreads.cpp">
      <Filter>Source Files\utility\threading</Filter>
    </ClCompile>
  </ItemGroup>
</Project>