
Microsoft Visual Studio Solution File, Format Version 12.00
# Visual Studio Version 17
VisualStudioVersion = 17.4.33205.214
MinimumVisualStudioVersion = 10.0.40219.1
Project("{8BC9CEB8-8B4A-11D0-8D11-00A0C91BC942}") = "libeden", "libeden\libeden.vcxproj", "{4E724EC2-6616-41E1-B478-F9F120E53FC1}"
EndProject
Project("{8BC9CEB8-8B4A-11D0-8D11-00A0C91BC942}") = "libeden_test", "libeden_test\libeden_test.vcxproj", "{4C2FA88D-1B4D-4F74-9255-E4741BC06A58}"
EndProject
Project("{8BC9CEB8-8B4A-11D0-8D11-00A0C91BC942}") = "EdenSynth_SharedCode", "Builds\VisualStudio2022\EdenSynth_SharedCode.vcxproj", "{30685A2B-0033-AD13-8A58-0941A258FB22}"
	ProjectSection(ProjectDependencies) = postProject
		{4E724EC2-6616-41E1-B478-F9F120E53FC1} = {4E724EC2-6616-41E1-B478-F9F120E53FC1}
	EndProjectSection
EndProject
Project("{8BC9CEB8-8B4A-11D0-8D11-00A0C91BC942}") = "EdenSynth_VST3", "Builds\VisualStudio2022\EdenSynth_VST3.vcxproj", "{2B842218-C511-53BD-D934-1F72ECA85FD9}"
	ProjectSection(ProjectDependencies) = postProject
		{30685A2B-0033-AD13-8A58-0941A258FB22} = {30685A2B-0033-AD13-8A58-0941A258FB22}
	EndProjectSection
EndProject
Project("{8BC9CEB8-8B4A-11D0-8D11-00A0C91BC942}") = "EdenSynth_AAX", "Builds\VisualStudio2022\EdenSynth_AAX.vcxproj", "{949EA2A5-88A9-6A66-09AA-B155E816E7E2}"
	ProjectSection(ProjectDependencies) = postProject
		{30685A2B-0033-AD13-8A58-0941A258FB22} = {30685A2B-0033-AD13-8A58-0941A258FB22}
	EndProjectSection
EndProject
Global
	GlobalSection(SolutionConfigurationPlatforms) = preSolution
		Debug|x64 = Debug|x64
		Release|x64 = Release|x64
	EndGlobalSection
	GlobalSection(ProjectConfigurationPlatforms) = postSolution
		{4E724EC2-6616-41E1-B478-F9F120E53FC1}.Debug|x64.ActiveCfg = Debug|x64
		{4E724EC2-6616-41E1-B478-F9F120E53FC1}.Debug|x64.Build.0 = Debug|x64
		{4E724EC2-6616-41E1-B478-F9F120E53FC1}.Release|x64.ActiveCfg = Release|x64
		{4E724EC2-6616-41E1-B478-F9F120E53FC1}.Release|x64.Build.0 = Release|x64
		{4C2FA88D-1B4D-4F74-9255-E4741BC06A58}.Debug|x64.ActiveCfg = Debug|x64
		{4C2FA88D-1B4D-4F74-9255-E4741BC06A58}.Debug|x64.Build.0 = Debug|x64
		{4C2FA88D-1B4D-4F74-9255-E4741BC06A58}.Release|x64.ActiveCfg = Release|x64
		{4C2FA88D-1B4D-4F74-9255-E4741BC06A58}.Release|x64.Build.0 = Release|x64
		{30685A2B-0033-AD13-8A58-0941A258FB22}.Debug|x64.ActiveCfg = Debug|x64
		{30685A2B-0033-AD13-8A58-0941A258FB22}.Debug|x64.Build.0 = Debug|x64
		{30685A2B-0033-AD13-8A58-0941A258FB22}.Release|x64.ActiveCfg = Release|x64
		{30685A2B-0033-AD13-8A58-0941A258FB22}.Release|x64.Build.0 = Release|x64
		{2B842218-C511-53BD-D934-1F72ECA85FD9}.Debug|x64.ActiveCfg = Debug|x64
		{2B842218-C511-53BD-D934-1F72ECA85FD9}.Debug|x64.Build.0 = Debug|x64
		{2B842218-C511-53BD-D934-1F72ECA85FD9}.Release|x64.ActiveCfg = Release|x64
		{2B842218-C511-53BD-D934-1F72ECA85FD9}.Release|x64.Build.0 = Release|x64
		{949EA2A5-88A9-6A66-09AA-B155E816E7E2}.Debug|x64.ActiveCfg = Debug|x64
		{949EA2A5-88A9-6A66-09AA-B155E816E7E2}.Debug|x64.Build.0 = Debug|x64
		{949EA2A5-88A9-6A66-09AA-B155E816E7E2}.Release|x64.ActiveCfg = Release|x64
		{949EA2A5-88A9-6A66-09AA-B155E816E7E2}.Release|x64.Build.0 = Release|x64
	EndGlobalSection
	GlobalSection(SolutionProperties) = preSolution
		HideSolutionNode = FALSE
	EndGlobalSection
	GlobalSection(ExtensibilityGlobals) = postSolution
		SolutionGuid = {CBF1BFB7-BAD0-45D9-A968-5BB628C58065}
	EndGlobalSection
EndGlobal
